
Microsoft Visual Studio Solution File, Format Version 12.00
# Visual Studio Version 17
VisualStudioVersion = 17.6.33712.159
MinimumVisualStudioVersion = 10.0.40219.1
Project("{9A19103F-16F7-4668-BE54-9A1E7A4F7556}") = "Marketplace", "Marketplace\Marketplace.csproj", "{F4693D3C-7942-49B2-B2FC-E397C28521BA}"
EndProject
Project("{FAE04EC0-301F-11D3-BF4B-00C04F79EFBC}") = "TestProject", "TestProject\TestProject.csproj", "{AD14362D-49CA-49E7-AE8D-28AEE3A45B82}"
EndProject
Global
	GlobalSection(SolutionConfigurationPlatforms) = preSolution
		Debug|Any CPU = Debug|Any CPU
		Release|Any CPU = Release|Any CPU
	EndGlobalSection
	GlobalSection(ProjectConfigurationPlatforms) = postSolution
		{F4693D3C-7942-49B2-B2FC-E397C28521BA}.Debug|Any CPU.ActiveCfg = Debug|Any CPU
		{F4693D3C-7942-49B2-B2FC-E397C28521BA}.Debug|Any CPU.Build.0 = Debug|Any CPU
		{F4693D3C-7942-49B2-B2FC-E397C28521BA}.Release|Any CPU.ActiveCfg = Release|Any CPU
		{F4693D3C-7942-49B2-B2FC-E397C28521BA}.Release|Any CPU.Build.0 = Release|Any CPU
		{AD14362D-49CA-49E7-AE8D-28AEE3A45B82}.Debug|Any CPU.ActiveCfg = Debug|Any CPU
		{AD14362D-49CA-49E7-AE8D-28AEE3A45B82}.Debug|Any CPU.Build.0 = Debug|Any CPU
		{AD14362D-49CA-49E7-AE8D-28AEE3A45B82}.Release|Any CPU.ActiveCfg = Release|Any CPU
		{AD14362D-49CA-49E7-AE8D-28AEE3A45B82}.Release|Any CPU.Build.0 = Release|Any CPU
	EndGlobalSection
	GlobalSection(SolutionProperties) = preSolution
		HideSolutionNode = FALSE
	EndGlobalSection
	GlobalSection(ExtensibilityGlobals) = postSolution
		SolutionGuid = {47880167-B0B4-443D-84A1-5781CF6F7EB1}
	EndGlobalSection
EndGlobal
